
Microsoft Visual Studio Solution File, Format Version 12.00
# Visual Studio Version 17
VisualStudioVersion = 17.9.34728.123
MinimumVisualStudioVersion = 10.0.40219.1
Project("{FAE04EC0-301F-11D3-BF4B-00C04F79EFBC}") = "Task_27_06_2024", "Task_27_06_2024\Task_27_06_2024.csproj", "{4F8DAB1D-FEA5-4882-B327-07C3FB620BE2}"
EndProject
Global
	GlobalSection(SolutionConfigurationPlatforms) = preSolution
		Debug|Any CPU = Debug|Any CPU
		Release|Any CPU = Release|Any CPU
	EndGlobalSection
	GlobalSection(ProjectConfigurationPlatforms) = postSolution
		{4F8DAB1D-FEA5-4882-B327-07C3FB620BE2}.Debug|Any CPU.ActiveCfg = Debug|Any CPU
		{4F8DAB1D-FEA5-4882-B327-07C3FB620BE2}.Debug|Any CPU.Build.0 = Debug|Any CPU
		{4F8DAB1D-FEA5-4882-B327-07C3FB620BE2}.Release|Any CPU.ActiveCfg = Release|Any CPU
		{4F8DAB1D-FEA5-4882-B327-07C3FB620BE2}.Release|Any CPU.Build.0 = Release|Any CPU
	EndGlobalSection
	GlobalSection(SolutionProperties) = preSolution
		HideSolutionNode = FALSE
	EndGlobalSection
	GlobalSection(ExtensibilityGlobals) = postSolution
		SolutionGuid = {EEF47006-B3E4-4018-BE16-2E07176BEFBC}
	EndGlobalSection
EndGlobal
